
Microsoft Visual Studio Solution File, Format Version 12.00
# Visual Studio Version 16
VisualStudioVersion = 16.0.30621.155
MinimumVisualStudioVersion = 10.0.40219.1
Project("{FAE04EC0-301F-11D3-BF4B-00C04F79EFBC}") = "Azhuu_AppPerusahaan", "Azhuu_AppPerusahaan\Azhuu_AppPerusahaan.csproj", "{2B9B1E70-5135-4574-B9C0-822A955C1F46}"
EndProject
Global
	GlobalSection(SolutionConfigurationPlatforms) = preSolution
		Debug|Any CPU = Debug|Any CPU
		Release|Any CPU = Release|Any CPU
	EndGlobalSection
	GlobalSection(ProjectConfigurationPlatforms) = postSolution
		{2B9B1E70-5135-4574-B9C0-822A955C1F46}.Debug|Any CPU.ActiveCfg = Debug|Any CPU
		{2B9B1E70-5135-4574-B9C0-822A955C1F46}.Debug|Any CPU.Build.0 = Debug|Any CPU
		{2B9B1E70-5135-4574-B9C0-822A955C1F46}.Release|Any CPU.ActiveCfg = Release|Any CPU
		{2B9B1E70-5135-4574-B9C0-822A955C1F46}.Release|Any CPU.Build.0 = Release|Any CPU
	EndGlobalSection
	GlobalSection(SolutionProperties) = preSolution
		HideSolutionNode = FALSE
	EndGlobalSection
	GlobalSection(ExtensibilityGlobals) = postSolution
		SolutionGuid = {6DB92889-0763-407F-8AA7-9D81581B26F8}
	EndGlobalSection
EndGlobal
